{
  "name": "zanciks.github.io",
  "lockfileVersion": 3,
  "requires": true,
  "packages": {
    "": {
      "dependencies": {
        "smarquee": "^1.0.5"
      }
    },
    "node_modules/smarquee": {
      "version": "1.0.5",
      "resolved": "https://registry.npmjs.org/smarquee/-/smarquee-1.0.5.tgz",
      "integrity": "sha512-1AaZdeTqZvQVypkJGA25AYEqd/0jwIUC9zQy0x2pTh3vfR8BTOkY7hQr27UOx9BAuLt9PLScNr+jaL+u7omVfg=="
    }
  }
}
